
Microsoft Visual Studio Solution File, Format Version 12.00
# Visual Studio Version 16
VisualStudioVersion = 16.0.30114.105
MinimumVisualStudioVersion = 10.0.40219.1
Project("{FAE04EC0-301F-11D3-BF4B-00C04F79EFBC}") = "eVisit.Challenge", "src\eVisit.Challenge.csproj", "{2969E829-F408-4D7D-8976-CA4AC2B319EF}"
EndProject
Project("{2150E333-8FDC-42A3-9474-1A3956D46DE8}") = "tests", "tests", "{2D6A8C8A-2CBB-46AF-AE3E-ADEBF709F314}"
EndProject
Project("{FAE04EC0-301F-11D3-BF4B-00C04F79EFBC}") = "eVisit.Challenge.Tests", "tests\eVisit.Challenge.Tests\eVisit.Challenge.Tests.csproj", "{B82281AD-507F-4566-8E5A-0292CF0B2898}"
EndProject
Global
	GlobalSection(SolutionConfigurationPlatforms) = preSolution
		Debug|Any CPU = Debug|Any CPU
		Release|Any CPU = Release|Any CPU
	EndGlobalSection
	GlobalSection(SolutionProperties) = preSolution
		HideSolutionNode = FALSE
	EndGlobalSection
	GlobalSection(ProjectConfigurationPlatforms) = postSolution
		{2969E829-F408-4D7D-8976-CA4AC2B319EF}.Debug|Any CPU.ActiveCfg = Debug|Any CPU
		{2969E829-F408-4D7D-8976-CA4AC2B319EF}.Debug|Any CPU.Build.0 = Debug|Any CPU
		{2969E829-F408-4D7D-8976-CA4AC2B319EF}.Release|Any CPU.ActiveCfg = Release|Any CPU
		{2969E829-F408-4D7D-8976-CA4AC2B319EF}.Release|Any CPU.Build.0 = Release|Any CPU
		{B82281AD-507F-4566-8E5A-0292CF0B2898}.Debug|Any CPU.ActiveCfg = Debug|Any CPU
		{B82281AD-507F-4566-8E5A-0292CF0B2898}.Debug|Any CPU.Build.0 = Debug|Any CPU
		{B82281AD-507F-4566-8E5A-0292CF0B2898}.Release|Any CPU.ActiveCfg = Release|Any CPU
		{B82281AD-507F-4566-8E5A-0292CF0B2898}.Release|Any CPU.Build.0 = Release|Any CPU
	EndGlobalSection
	GlobalSection(NestedProjects) = preSolution
		{B82281AD-507F-4566-8E5A-0292CF0B2898} = {2D6A8C8A-2CBB-46AF-AE3E-ADEBF709F314}
	EndGlobalSection
EndGlobal
